
Microsoft Visual Studio Solution File, Format Version 12.00
# Visual Studio Version 17
VisualStudioVersion = 17.8.34525.116
MinimumVisualStudioVersion = 10.0.40219.1
Project("{FAE04EC0-301F-11D3-BF4B-00C04F79EFBC}") = "proje1", "proje1\proje1.csproj", "{12A32D1E-4328-42BA-A86E-618AEB138C74}"
EndProject
Global
	GlobalSection(SolutionConfigurationPlatforms) = preSolution
		Debug|Any CPU = Debug|Any CPU
		Release|Any CPU = Release|Any CPU
	EndGlobalSection
	GlobalSection(ProjectConfigurationPlatforms) = postSolution
		{12A32D1E-4328-42BA-A86E-618AEB138C74}.Debug|Any CPU.ActiveCfg = Debug|Any CPU
		{12A32D1E-4328-42BA-A86E-618AEB138C74}.Debug|Any CPU.Build.0 = Debug|Any CPU
		{12A32D1E-4328-42BA-A86E-618AEB138C74}.Release|Any CPU.ActiveCfg = Release|Any CPU
		{12A32D1E-4328-42BA-A86E-618AEB138C74}.Release|Any CPU.Build.0 = Release|Any CPU
	EndGlobalSection
	GlobalSection(SolutionProperties) = preSolution
		HideSolutionNode = FALSE
	EndGlobalSection
	GlobalSection(ExtensibilityGlobals) = postSolution
		SolutionGuid = {47F17DA3-29EA-4194-836E-3F3982D0B028}
	EndGlobalSection
EndGlobal
